
Microsoft Visual Studio Solution File, Format Version 12.00
Project("{FAE04EC0-301F-11D3-BF4B-00C04F79EFBC}") = "TestCodeGen", "TestCodeGen\TestCodeGen.csproj", "{87F171B1-A9B7-402E-9649-FC2BB264C1DB}"
EndProject
Project("{FAE04EC0-301F-11D3-BF4B-00C04F79EFBC}") = "MyCodeGen", "MyCodeGen\MyCodeGen.csproj", "{24B5153C-27BA-4DDD-9DDC-B64B6D505D44}"
EndProject
Global
	GlobalSection(SolutionConfigurationPlatforms) = preSolution
		Debug|Any CPU = Debug|Any CPU
		Release|Any CPU = Release|Any CPU
	EndGlobalSection
	GlobalSection(ProjectConfigurationPlatforms) = postSolution
		{87F171B1-A9B7-402E-9649-FC2BB264C1DB}.Debug|Any CPU.ActiveCfg = Debug|Any CPU
		{87F171B1-A9B7-402E-9649-FC2BB264C1DB}.Debug|Any CPU.Build.0 = Debug|Any CPU
		{87F171B1-A9B7-402E-9649-FC2BB264C1DB}.Release|Any CPU.ActiveCfg = Release|Any CPU
		{87F171B1-A9B7-402E-9649-FC2BB264C1DB}.Release|Any CPU.Build.0 = Release|Any CPU
		{24B5153C-27BA-4DDD-9DDC-B64B6D505D44}.Debug|Any CPU.ActiveCfg = Debug|Any CPU
		{24B5153C-27BA-4DDD-9DDC-B64B6D505D44}.Debug|Any CPU.Build.0 = Debug|Any CPU
		{24B5153C-27BA-4DDD-9DDC-B64B6D505D44}.Release|Any CPU.ActiveCfg = Release|Any CPU
		{24B5153C-27BA-4DDD-9DDC-B64B6D505D44}.Release|Any CPU.Build.0 = Release|Any CPU
	EndGlobalSection
EndGlobal
